// !$*UTF8*$!
{
	archiveVersion = 1;
	classes = {
	};
	objectVersion = 50;
	objects = {

/* Begin PBXBuildFile section */
		0E6FE9072D09269B00255725 /* AppDelegate.swift in Sources */ = {isa = PBXBuildFile; fileRef = 0E6FE9062D09269B00255725 /* AppDelegate.swift */; };
		0E6FE9092D09269B00255725 /* SceneDelegate.swift in Sources */ = {isa = PBXBuildFile; fileRef = 0E6FE9082D09269B00255725 /* SceneDelegate.swift */; };
		0E6FE90B2D09269B00255725 /* ViewController.swift in Sources */ = {isa = PBXBuildFile; fileRef = 0E6FE90A2D09269B00255725 /* ViewController.swift */; };
		0E6FE9102D09269D00255725 /* Assets.xcassets in Resources */ = {isa = PBXBuildFile; fileRef = 0E6FE90F2D09269D00255725 /* Assets.xcassets */; };
		0E6FE91F2D092B5C00255725 /* Colors.swift in Sources */ = {isa = PBXBuildFile; fileRef = 0E6FE91E2D092B5C00255725 /* Colors.swift */; };
		0E6FE9242D0935E500255725 /* NearbyFlowController.swift in Sources */ = {isa = PBXBuildFile; fileRef = 0E6FE9232D0935E500255725 /* NearbyFlowController.swift */; };
		0E6FE9282D09398B00255725 /* SplashViewController.swift in Sources */ = {isa = PBXBuildFile; fileRef = 0E6FE9272D09398B00255725 /* SplashViewController.swift */; };
		0E6FE92A2D093A2B00255725 /* SplashView.swift in Sources */ = {isa = PBXBuildFile; fileRef = 0E6FE9292D093A2B00255725 /* SplashView.swift */; };
		0EE71E7B2D2DFFE000BE2BBC /* TipsView.swift in Sources */ = {isa = PBXBuildFile; fileRef = 0EE71E7A2D2DFFE000BE2BBC /* TipsView.swift */; };
		0EE71E7F2D2E16FC00BE2BBC /* WelcomeView.swift in Sources */ = {isa = PBXBuildFile; fileRef = 0EE71E7E2D2E16FC00BE2BBC /* WelcomeView.swift */; };
/* End PBXBuildFile section */

/* Begin PBXFileReference section */
		0E6FE9032D09269B00255725 /* Nearby.app */ = {isa = PBXFileReference; explicitFileType = wrapper.application; includeInIndex = 0; path = Nearby.app; sourceTree = BUILT_PRODUCTS_DIR; };
		0E6FE9062D09269B00255725 /* AppDelegate.swift */ = {isa = PBXFileReference; lastKnownFileType = sourcecode.swift; path = AppDelegate.swift; sourceTree = "<group>"; };
		0E6FE9082D09269B00255725 /* SceneDelegate.swift */ = {isa = PBXFileReference; lastKnownFileType = sourcecode.swift; path = SceneDelegate.swift; sourceTree = "<group>"; };
		0E6FE90A2D09269B00255725 /* ViewController.swift */ = {isa = PBXFileReference; lastKnownFileType = sourcecode.swift; path = ViewController.swift; sourceTree = "<group>"; };
		0E6FE90F2D09269D00255725 /* Assets.xcassets */ = {isa = PBXFileReference; lastKnownFileType = folder.assetcatalog; path = Assets.xcassets; sourceTree = "<group>"; };
		0E6FE9142D09269D00255725 /* Info.plist */ = {isa = PBXFileReference; lastKnownFileType = text.plist.xml; path = Info.plist; sourceTree = "<group>"; };
		0E6FE91E2D092B5C00255725 /* Colors.swift */ = {isa = PBXFileReference; lastKnownFileType = sourcecode.swift; path = Colors.swift; sourceTree = "<group>"; };
		0E6FE9232D0935E500255725 /* NearbyFlowController.swift */ = {isa = PBXFileReference; lastKnownFileType = sourcecode.swift; path = NearbyFlowController.swift; sourceTree = "<group>"; };
		0E6FE9272D09398B00255725 /* SplashViewController.swift */ = {isa = PBXFileReference; lastKnownFileType = sourcecode.swift; path = SplashViewController.swift; sourceTree = "<group>"; };
		0E6FE9292D093A2B00255725 /* SplashView.swift */ = {isa = PBXFileReference; lastKnownFileType = sourcecode.swift; path = SplashView.swift; sourceTree = "<group>"; };
		0EE71E7A2D2DFFE000BE2BBC /* TipsView.swift */ = {isa = PBXFileReference; lastKnownFileType = sourcecode.swift; path = TipsView.swift; sourceTree = "<group>"; };
		0EE71E7E2D2E16FC00BE2BBC /* WelcomeView.swift */ = {isa = PBXFileReference; lastKnownFileType = sourcecode.swift; path = WelcomeView.swift; sourceTree = "<group>"; };
/* End PBXFileReference section */

/* Begin PBXFrameworksBuildPhase section */
		0E6FE9002D09269B00255725 /* Frameworks */ = {
			isa = PBXFrameworksBuildPhase;
			buildActionMask = 2147483647;
			files = (
			);
			runOnlyForDeploymentPostprocessing = 0;
		};
/* End PBXFrameworksBuildPhase section */

/* Begin PBXGroup section */
		0E6FE8FA2D09269B00255725 = {
			isa = PBXGroup;
			children = (
				0E6FE9052D09269B00255725 /* Nearby */,
				0E6FE9042D09269B00255725 /* Products */,
			);
			sourceTree = "<group>";
		};
		0E6FE9042D09269B00255725 /* Products */ = {
			isa = PBXGroup;
			children = (
				0E6FE9032D09269B00255725 /* Nearby.app */,
			);
			name = Products;
			sourceTree = "<group>";
		};
		0E6FE9052D09269B00255725 /* Nearby */ = {
			isa = PBXGroup;
			children = (
				0E6FE9142D09269D00255725 /* Info.plist */,
				0E6FE9062D09269B00255725 /* AppDelegate.swift */,
				0E6FE9082D09269B00255725 /* SceneDelegate.swift */,
				0E6FE90A2D09269B00255725 /* ViewController.swift */,
				0E6FE91A2D09296E00255725 /* Resources */,
				0E6FE91B2D09298E00255725 /* Sources */,
			);
			path = Nearby;
			sourceTree = "<group>";
		};
		0E6FE91A2D09296E00255725 /* Resources */ = {
			isa = PBXGroup;
			children = (
				0E6FE90F2D09269D00255725 /* Assets.xcassets */,
			);
			path = Resources;
			sourceTree = "<group>";
		};
		0E6FE91B2D09298E00255725 /* Sources */ = {
			isa = PBXGroup;
			children = (
				0E6FE91D2D0929B100255725 /* Features */,
				0E6FE91C2D0929A400255725 /* Constants */,
			);
			path = Sources;
			sourceTree = "<group>";
		};
		0E6FE91C2D0929A400255725 /* Constants */ = {
			isa = PBXGroup;
			children = (
				0E6FE91E2D092B5C00255725 /* Colors.swift */,
			);
			path = Constants;
			sourceTree = "<group>";
		};
		0E6FE91D2D0929B100255725 /* Features */ = {
			isa = PBXGroup;
			children = (
				0EE71E792D2DFEBA00BE2BBC /* Components */,
				0E6FE9252D09396600255725 /* Scenes */,
				0E6FE9222D0935BF00255725 /* Coordinator */,
			);
			path = Features;
			sourceTree = "<group>";
		};
		0E6FE9222D0935BF00255725 /* Coordinator */ = {
			isa = PBXGroup;
			children = (
				0E6FE9232D0935E500255725 /* NearbyFlowController.swift */,
			);
			path = Coordinator;
			sourceTree = "<group>";
		};
		0E6FE9252D09396600255725 /* Scenes */ = {
			isa = PBXGroup;
			children = (
				0EE71E7D2D2E16DD00BE2BBC /* WelcomeView */,
				0E6FE9262D09396D00255725 /* Splash */,
			);
			path = Scenes;
			sourceTree = "<group>";
		};
		0E6FE9262D09396D00255725 /* Splash */ = {
			isa = PBXGroup;
			children = (
				0E6FE9272D09398B00255725 /* SplashViewController.swift */,
				0E6FE9292D093A2B00255725 /* SplashView.swift */,
			);
			path = Splash;
			sourceTree = "<group>";
		};
		0EE71E792D2DFEBA00BE2BBC /* Components */ = {
			isa = PBXGroup;
			children = (
				0EE71E7A2D2DFFE000BE2BBC /* TipsView.swift */,
			);
			path = Components;
			sourceTree = "<group>";
		};
		0EE71E7D2D2E16DD00BE2BBC /* WelcomeView */ = {
			isa = PBXGroup;
			children = (
				0EE71E7E2D2E16FC00BE2BBC /* WelcomeView.swift */,
			);
			path = WelcomeView;
			sourceTree = "<group>";
		};
/* End PBXGroup section */

/* Begin PBXNativeTarget section */
		0E6FE9022D09269B00255725 /* Nearby */ = {
			isa = PBXNativeTarget;
			buildConfigurationList = 0E6FE9172D09269D00255725 /* Build configuration list for PBXNativeTarget "Nearby" */;
			buildPhases = (
				0E6FE8FF2D09269B00255725 /* Sources */,
				0E6FE9002D09269B00255725 /* Frameworks */,
				0E6FE9012D09269B00255725 /* Resources */,
			);
			buildRules = (
			);
			dependencies = (
			);
			name = Nearby;
			productName = Nearby;
			productReference = 0E6FE9032D09269B00255725 /* Nearby.app */;
			productType = "com.apple.product-type.application";
		};
/* End PBXNativeTarget section */

/* Begin PBXProject section */
		0E6FE8FB2D09269B00255725 /* Project object */ = {
			isa = PBXProject;
			attributes = {
				LastSwiftUpdateCheck = 1250;
				LastUpgradeCheck = 1250;
				TargetAttributes = {
					0E6FE9022D09269B00255725 = {
						CreatedOnToolsVersion = 12.5.1;
					};
				};
			};
			buildConfigurationList = 0E6FE8FE2D09269B00255725 /* Build configuration list for PBXProject "Nearby" */;
			compatibilityVersion = "Xcode 9.3";
			developmentRegion = en;
			hasScannedForEncodings = 0;
			knownRegions = (
				en,
				Base,
			);
			mainGroup = 0E6FE8FA2D09269B00255725;
			productRefGroup = 0E6FE9042D09269B00255725 /* Products */;
			projectDirPath = "";
			projectRoot = "";
			targets = (
				0E6FE9022D09269B00255725 /* Nearby */,
			);
		};
/* End PBXProject section */

/* Begin PBXResourcesBuildPhase section */
		0E6FE9012D09269B00255725 /* Resources */ = {
			isa = PBXResourcesBuildPhase;
			buildActionMask = 2147483647;
			files = (
				0E6FE9102D09269D00255725 /* Assets.xcassets in Resources */,
			);
			runOnlyForDeploymentPostprocessing = 0;
		};
/* End PBXResourcesBuildPhase section */

/* Begin PBXSourcesBuildPhase section */
		0E6FE8FF2D09269B00255725 /* Sources */ = {
			isa = PBXSourcesBuildPhase;
			buildActionMask = 2147483647;
			files = (
				0E6FE9242D0935E500255725 /* NearbyFlowController.swift in Sources */,
				0E6FE90B2D09269B00255725 /* ViewController.swift in Sources */,
				0E6FE91F2D092B5C00255725 /* Colors.swift in Sources */,
				0E6FE9282D09398B00255725 /* SplashViewController.swift in Sources */,
				0EE71E7F2D2E16FC00BE2BBC /* WelcomeView.swift in Sources */,
				0EE71E7B2D2DFFE000BE2BBC /* TipsView.swift in Sources */,
				0E6FE9072D09269B00255725 /* AppDelegate.swift in Sources */,
				0E6FE9092D09269B00255725 /* SceneDelegate.swift in Sources */,
				0E6FE92A2D093A2B00255725 /* SplashView.swift in Sources */,
			);
			runOnlyForDeploymentPostprocessing = 0;
		};
/* End PBXSourcesBuildPhase section */

/* Begin XCBuildConfiguration section */
		0E6FE9152D09269D00255725 /* Debug */ = {
			isa = XCBuildConfiguration;
			buildSettings = {
				ALWAYS_SEARCH_USER_PATHS = NO;
				CLANG_ANALYZER_NONNULL = YES;
				CLANG_ANALYZER_NUMBER_OBJECT_CONVERSION = YES_AGGRESSIVE;
				CLANG_CXX_LANGUAGE_STANDARD = "gnu++14";
				CLANG_CXX_LIBRARY = "libc++";
				CLANG_ENABLE_MODULES = YES;
				CLANG_ENABLE_OBJC_ARC = YES;
				CLANG_ENABLE_OBJC_WEAK = YES;
				CLANG_WARN_BLOCK_CAPTURE_AUTORELEASING = YES;
				CLANG_WARN_BOOL_CONVERSION = YES;
				CLANG_WARN_COMMA = YES;
				CLANG_WARN_CONSTANT_CONVERSION = YES;
				CLANG_WARN_DEPRECATED_OBJC_IMPLEMENTATIONS = YES;
				CLANG_WARN_DIRECT_OBJC_ISA_USAGE = YES_ERROR;
				CLANG_WARN_DOCUMENTATION_COMMENTS = YES;
				CLANG_WARN_EMPTY_BODY = YES;
				CLANG_WARN_ENUM_CONVERSION = YES;
				CLANG_WARN_INFINITE_RECURSION = YES;
				CLANG_WARN_INT_CONVERSION = YES;
				CLANG_WARN_NON_LITERAL_NULL_CONVERSION = YES;
				CLANG_WARN_OBJC_IMPLICIT_RETAIN_SELF = YES;
				CLANG_WARN_OBJC_LITERAL_CONVERSION = YES;
				CLANG_WARN_OBJC_ROOT_CLASS = YES_ERROR;
				CLANG_WARN_QUOTED_INCLUDE_IN_FRAMEWORK_HEADER = YES;
				CLANG_WARN_RANGE_LOOP_ANALYSIS = YES;
				CLANG_WARN_STRICT_PROTOTYPES = YES;
				CLANG_WARN_SUSPICIOUS_MOVE = YES;
				CLANG_WARN_UNGUARDED_AVAILABILITY = YES_AGGRESSIVE;
				CLANG_WARN_UNREACHABLE_CODE = YES;
				CLANG_WARN__DUPLICATE_METHOD_MATCH = YES;
				COPY_PHASE_STRIP = NO;
				DEBUG_INFORMATION_FORMAT = dwarf;
				ENABLE_STRICT_OBJC_MSGSEND = YES;
				ENABLE_TESTABILITY = YES;
				GCC_C_LANGUAGE_STANDARD = gnu11;
				GCC_DYNAMIC_NO_PIC = NO;
				GCC_NO_COMMON_BLOCKS = YES;
				GCC_OPTIMIZATION_LEVEL = 0;
				GCC_PREPROCESSOR_DEFINITIONS = (
					"DEBUG=1",
					"$(inherited)",
				);
				GCC_WARN_64_TO_32_BIT_CONVERSION = YES;
				GCC_WARN_ABOUT_RETURN_TYPE = YES_ERROR;
				GCC_WARN_UNDECLARED_SELECTOR = YES;
				GCC_WARN_UNINITIALIZED_AUTOS = YES_AGGRESSIVE;
				GCC_WARN_UNUSED_FUNCTION = YES;
				GCC_WARN_UNUSED_VARIABLE = YES;
				IPHONEOS_DEPLOYMENT_TARGET = 14.5;
				MTL_ENABLE_DEBUG_INFO = INCLUDE_SOURCE;
				MTL_FAST_MATH = YES;
				ONLY_ACTIVE_ARCH = YES;
				SDKROOT = iphoneos;
				SWIFT_ACTIVE_COMPILATION_CONDITIONS = DEBUG;
				SWIFT_OPTIMIZATION_LEVEL = "-Onone";
			};
			name = Debug;
		};
		0E6FE9162D09269D00255725 /* Release */ = {
			isa = XCBuildConfiguration;
			buildSettings = {
				ALWAYS_SEARCH_USER_PATHS = NO;
				CLANG_ANALYZER_NONNULL = YES;
				CLANG_ANALYZER_NUMBER_OBJECT_CONVERSION = YES_AGGRESSIVE;
				CLANG_CXX_LANGUAGE_STANDARD = "gnu++14";
				CLANG_CXX_LIBRARY = "libc++";
				CLANG_ENABLE_MODULES = YES;
				CLANG_ENABLE_OBJC_ARC = YES;
				CLANG_ENABLE_OBJC_WEAK = YES;
				CLANG_WARN_BLOCK_CAPTURE_AUTORELEASING = YES;
				CLANG_WARN_BOOL_CONVERSION = YES;
				CLANG_WARN_COMMA = YES;
				CLANG_WARN_CONSTANT_CONVERSION = YES;
				CLANG_WARN_DEPRECATED_OBJC_IMPLEMENTATIONS = YES;
				CLANG_WARN_DIRECT_OBJC_ISA_USAGE = YES_ERROR;
				CLANG_WARN_DOCUMENTATION_COMMENTS = YES;
				CLANG_WARN_EMPTY_BODY = YES;
				CLANG_WARN_ENUM_CONVERSION = YES;
				CLANG_WARN_INFINITE_RECURSION = YES;
				CLANG_WARN_INT_CONVERSION = YES;
				CLANG_WARN_NON_LITERAL_NULL_CONVERSION = YES;
				CLANG_WARN_OBJC_IMPLICIT_RETAIN_SELF = YES;
				CLANG_WARN_OBJC_LITERAL_CONVERSION = YES;
				CLANG_WARN_OBJC_ROOT_CLASS = YES_ERROR;
				CLANG_WARN_QUOTED_INCLUDE_IN_FRAMEWORK_HEADER = YES;
				CLANG_WARN_RANGE_LOOP_ANALYSIS = YES;
				CLANG_WARN_STRICT_PROTOTYPES = YES;
				CLANG_WARN_SUSPICIOUS_MOVE = YES;
				CLANG_WARN_UNGUARDED_AVAILABILITY = YES_AGGRESSIVE;
				CLANG_WARN_UNREACHABLE_CODE = YES;
				CLANG_WARN__DUPLICATE_METHOD_MATCH = YES;
				COPY_PHASE_STRIP = NO;
				DEBUG_INFORMATION_FORMAT = "dwarf-with-dsym";
				ENABLE_NS_ASSERTIONS = NO;
				ENABLE_STRICT_OBJC_MSGSEND = YES;
				GCC_C_LANGUAGE_STANDARD = gnu11;
				GCC_NO_COMMON_BLOCKS = YES;
				GCC_WARN_64_TO_32_BIT_CONVERSION = YES;
				GCC_WARN_ABOUT_RETURN_TYPE = YES_ERROR;
				GCC_WARN_UNDECLARED_SELECTOR = YES;
				GCC_WARN_UNINITIALIZED_AUTOS = YES_AGGRESSIVE;
				GCC_WARN_UNUSED_FUNCTION = YES;
				GCC_WARN_UNUSED_VARIABLE = YES;
				IPHONEOS_DEPLOYMENT_TARGET = 14.5;
				MTL_ENABLE_DEBUG_INFO = NO;
				MTL_FAST_MATH = YES;
				SDKROOT = iphoneos;
				SWIFT_COMPILATION_MODE = wholemodule;
				SWIFT_OPTIMIZATION_LEVEL = "-O";
				VALIDATE_PRODUCT = YES;
			};
			name = Release;
		};
		0E6FE9182D09269D00255725 /* Debug */ = {
			isa = XCBuildConfiguration;
			buildSettings = {
				ASSETCATALOG_COMPILER_APPICON_NAME = AppIcon;
				ASSETCATALOG_COMPILER_GLOBAL_ACCENT_COLOR_NAME = AccentColor;
				CODE_SIGN_STYLE = Automatic;
				INFOPLIST_FILE = Nearby/Info.plist;
				LD_RUNPATH_SEARCH_PATHS = (
					"$(inherited)",
					"@executable_path/Frameworks",
				);
				PRODUCT_BUNDLE_IDENTIFIER = com.alanpitanga.Nearby;
				PRODUCT_NAME = "$(TARGET_NAME)";
				SWIFT_VERSION = 5.0;
				TARGETED_DEVICE_FAMILY = "1,2";
			};
			name = Debug;
		};
		0E6FE9192D09269D00255725 /* Release */ = {
			isa = XCBuildConfiguration;
			buildSettings = {
				ASSETCATALOG_COMPILER_APPICON_NAME = AppIcon;
				ASSETCATALOG_COMPILER_GLOBAL_ACCENT_COLOR_NAME = AccentColor;
				CODE_SIGN_STYLE = Automatic;
				INFOPLIST_FILE = Nearby/Info.plist;
				LD_RUNPATH_SEARCH_PATHS = (
					"$(inherited)",
					"@executable_path/Frameworks",
				);
				PRODUCT_BUNDLE_IDENTIFIER = com.alanpitanga.Nearby;
				PRODUCT_NAME = "$(TARGET_NAME)";
				SWIFT_VERSION = 5.0;
				TARGETED_DEVICE_FAMILY = "1,2";
			};
			name = Release;
		};
/* End XCBuildConfiguration section */

/* Begin XCConfigurationList section */
		0E6FE8FE2D09269B00255725 /* Build configuration list for PBXProject "Nearby" */ = {
			isa = XCConfigurationList;
			buildConfigurations = (
				0E6FE9152D09269D00255725 /* Debug */,
				0E6FE9162D09269D00255725 /* Release */,
			);
			defaultConfigurationIsVisible = 0;
			defaultConfigurationName = Release;
		};
		0E6FE9172D09269D00255725 /* Build configuration list for PBXNativeTarget "Nearby" */ = {
			isa = XCConfigurationList;
			buildConfigurations = (
				0E6FE9182D09269D00255725 /* Debug */,
				0E6FE9192D09269D00255725 /* Release */,
			);
			defaultConfigurationIsVisible = 0;
			defaultConfigurationName = Release;
		};
/* End XCConfigurationList section */
	};
	rootObject = 0E6FE8FB2D09269B00255725 /* Project object */;
}
